
Microsoft Visual Studio Solution File, Format Version 12.00
# Visual Studio 15
VisualStudioVersion = 15.0.28307.489
MinimumVisualStudioVersion = 10.0.40219.1
Project("{FAE04EC0-301F-11D3-BF4B-00C04F79EFBC}") = "VideoRecorderLibrary", "VideoRecorderLibrary\VideoRecorderLibrary.csproj", "{EF3A8883-470F-41C9-97C2-BE2D835CA973}"
EndProject
Project("{FAE04EC0-301F-11D3-BF4B-00C04F79EFBC}") = "VideoRecorder", "VideoRecorder\VideoRecorder.csproj", "{6BF9A230-BB53-4A7B-936C-6869E7AC7CEF}"
EndProject
Global
	GlobalSection(SolutionConfigurationPlatforms) = preSolution
		Debug|Any CPU = Debug|Any CPU
		Release|Any CPU = Release|Any CPU
	EndGlobalSection
	GlobalSection(ProjectConfigurationPlatforms) = postSolution
		{EF3A8883-470F-41C9-97C2-BE2D835CA973}.Debug|Any CPU.ActiveCfg = Debug|Any CPU
		{EF3A8883-470F-41C9-97C2-BE2D835CA973}.Debug|Any CPU.Build.0 = Debug|Any CPU
		{EF3A8883-470F-41C9-97C2-BE2D835CA973}.Release|Any CPU.ActiveCfg = Release|Any CPU
		{EF3A8883-470F-41C9-97C2-BE2D835CA973}.Release|Any CPU.Build.0 = Release|Any CPU
		{6BF9A230-BB53-4A7B-936C-6869E7AC7CEF}.Debug|Any CPU.ActiveCfg = Debug|Any CPU
		{6BF9A230-BB53-4A7B-936C-6869E7AC7CEF}.Debug|Any CPU.Build.0 = Debug|Any CPU
		{6BF9A230-BB53-4A7B-936C-6869E7AC7CEF}.Release|Any CPU.ActiveCfg = Release|Any CPU
		{6BF9A230-BB53-4A7B-936C-6869E7AC7CEF}.Release|Any CPU.Build.0 = Release|Any CPU
	EndGlobalSection
	GlobalSection(SolutionProperties) = preSolution
		HideSolutionNode = FALSE
	EndGlobalSection
	GlobalSection(ExtensibilityGlobals) = postSolution
		SolutionGuid = {E966AFF1-24C7-4272-895B-4FCDAD3AE79D}
	EndGlobalSection
EndGlobal
